
Microsoft Visual Studio Solution File, Format Version 12.00
# Visual Studio Version 16
VisualStudioVersion = 16.0.30011.22
MinimumVisualStudioVersion = 10.0.40219.1
Project("{8BC9CEB8-8B4A-11D0-8D11-00A0C91BC942}") = "KYF", "KYF\KYF.vcxproj", "{161e7cec-d5ff-496b-934f-bc8ad419c81c}"
EndProject
Global
	GlobalSection(SolutionConfigurationPlatforms) = preSolution
		Debug|x64 = Debug|x64
		Release|x64 = Release|x64
	EndGlobalSection
	GlobalSection(ProjectConfigurationPlatforms) = postSolution
		{161e7cec-d5ff-496b-934f-bc8ad419c81c}.Debug|x64.ActiveCfg = Debug|x64
		{161e7cec-d5ff-496b-934f-bc8ad419c81c}.Debug|x64.Build.0 = Debug|x64
		{161e7cec-d5ff-496b-934f-bc8ad419c81c}.Release|x64.ActiveCfg = Release|x64
		{161e7cec-d5ff-496b-934f-bc8ad419c81c}.Release|x64.Build.0 = Release|x64
	EndGlobalSection
	GlobalSection(SolutionProperties) = preSolution
		HideSolutionNode = FALSE
	EndGlobalSection
	GlobalSection(ExtensibilityGlobals) = postSolution
		SolutionGuid = {e93c6889-efad-4580-a5b0-f240463562f4}
	EndGlobalSection
EndGlobal
